
Microsoft Visual Studio Solution File, Format Version 12.00
# Visual Studio Version 16
VisualStudioVersion = 16.0.31424.327
MinimumVisualStudioVersion = 10.0.40219.1
Project("{F184B08F-C81C-45F6-A57F-5ABD9991F28F}") = "Sylo-Spitter", "Sylo-Spitter\Sylo-Spitter.vbproj", "{C11E65A1-DE2D-44AC-9CF2-ABD825BCB4A5}"
EndProject
Global
	GlobalSection(SolutionConfigurationPlatforms) = preSolution
		Debug|Any CPU = Debug|Any CPU
		Release|Any CPU = Release|Any CPU
	EndGlobalSection
	GlobalSection(ProjectConfigurationPlatforms) = postSolution
		{C11E65A1-DE2D-44AC-9CF2-ABD825BCB4A5}.Debug|Any CPU.ActiveCfg = Debug|Any CPU
		{C11E65A1-DE2D-44AC-9CF2-ABD825BCB4A5}.Debug|Any CPU.Build.0 = Debug|Any CPU
		{C11E65A1-DE2D-44AC-9CF2-ABD825BCB4A5}.Release|Any CPU.ActiveCfg = Release|Any CPU
		{C11E65A1-DE2D-44AC-9CF2-ABD825BCB4A5}.Release|Any CPU.Build.0 = Release|Any CPU
	EndGlobalSection
	GlobalSection(SolutionProperties) = preSolution
		HideSolutionNode = FALSE
	EndGlobalSection
	GlobalSection(ExtensibilityGlobals) = postSolution
		SolutionGuid = {39CD1B95-1E5A-427E-8FFF-6CF8640393A0}
	EndGlobalSection
EndGlobal
